
Microsoft Visual Studio Solution File, Format Version 12.00
# Visual Studio 15
VisualStudioVersion = 15.0.28307.271
MinimumVisualStudioVersion = 10.0.40219.1
Project("{FAE04EC0-301F-11D3-BF4B-00C04F79EFBC}") = "Test", "Test\Test.csproj", "{71705EEF-F45E-4EEB-8289-5CC340E40677}"
EndProject
Global
	GlobalSection(SolutionConfigurationPlatforms) = preSolution
		Debug|Any CPU = Debug|Any CPU
		Release|Any CPU = Release|Any CPU
	EndGlobalSection
	GlobalSection(ProjectConfigurationPlatforms) = postSolution
		{71705EEF-F45E-4EEB-8289-5CC340E40677}.Debug|Any CPU.ActiveCfg = Debug|Any CPU
		{71705EEF-F45E-4EEB-8289-5CC340E40677}.Debug|Any CPU.Build.0 = Debug|Any CPU
		{71705EEF-F45E-4EEB-8289-5CC340E40677}.Release|Any CPU.ActiveCfg = Release|Any CPU
		{71705EEF-F45E-4EEB-8289-5CC340E40677}.Release|Any CPU.Build.0 = Release|Any CPU
	EndGlobalSection
	GlobalSection(SolutionProperties) = preSolution
		HideSolutionNode = FALSE
	EndGlobalSection
	GlobalSection(ExtensibilityGlobals) = postSolution
		SolutionGuid = {901229E9-72A2-4DD7-9A42-4A3EDA5FB251}
	EndGlobalSection
EndGlobal
